{
    "_readme": [
        "This file locks the dependencies of your project to a known state",
        "Read more about it at https://getcomposer.org/doc/01-basic-usage.md#composer-lock-the-lock-file",
        "This file is @generated automatically"
    ],
    "hash": "dfce02eb50fb721b35909cfa134742ed",
    "content-hash": "04e0444571922e5a8ca254ba22a9c9c4",
    "packages": [
        {
            "name": "twbs/bootstrap",
            "version": "dev-master",
            "source": {
                "type": "git",
                "url": "https://github.com/twbs/bootstrap.git",
                "reference": "fb75e8615a390dfac28ca9f32470d594e47acd76"
            },
            "dist": {
                "type": "zip",
                "url": "https://api.github.com/repos/twbs/bootstrap/zipball/fb75e8615a390dfac28ca9f32470d594e47acd76",
                "reference": "fb75e8615a390dfac28ca9f32470d594e47acd76",
                "shasum": ""
            },
            "replace": {
                "twitter/bootstrap": "self.version"
            },
            "type": "library",
            "extra": {
                "branch-alias": {
                    "dev-master": "3.3.x-dev"
                }
            },
            "notification-url": "https://packagist.org/downloads/",
            "license": [
                "MIT"
            ],
            "authors": [
                {
                    "name": "Jacob Thornton",
                    "email": "jacobthornton@gmail.com"
                },
                {
                    "name": "Mark Otto",
                    "email": "markdotto@gmail.com"
                }
            ],
            "description": "The most popular front-end framework for developing responsive, mobile first projects on the web.",
            "homepage": "http://getbootstrap.com",
            "keywords": [
                "JS",
                "css",
                "framework",
                "front-end",
                "less",
                "mobile-first",
                "responsive",
                "web"
            ],
            "time": "2016-07-15 00:09:18"
        }
    ],
    "packages-dev": [],
    "aliases": [],
    "minimum-stability": "dev",
    "stability-flags": [],
    "prefer-stable": false,
    "prefer-lowest": false,
    "platform": [],
    "platform-dev": []
}
